<?xml version="1.0" encoding="utf-8"?>
<Project ToolsVersion="4.0" xmlns="http://schemas.microsoft.com/developer/msbuild/2003">
  <ItemGroup>
    <ClCompile Include="main.cpp" />
    <ClCompile Include="game_sa\CPad.cpp">
      <Filter>game_sa</Filter>
    </ClCompile>
    <ClCompile Include="stuff.cpp" />
    <ClCompile Include="samp.cpp" />
    <ClCompile Include="ci_cursorpatch.cpp" />
  </ItemGroup>
  <ItemGroup>
    <ClInclude Include="main.h" />
    <ClInclude Include="minhook\MinHook.h">
      <Filter>minhook</Filter>
    </ClInclude>
    <ClInclude Include="game_sa\CPad.h">
      <Filter>game_sa</Filter>
    </ClInclude>
    <ClInclude Include="resource.h" />
    <ClInclude Include="stuff.h" />
    <ClInclude Include="samp.h" />
    <ClInclude Include="ci_cursorpatch.h" />
  </ItemGroup>
  <ItemGroup>
    <Library Include="minhook\libMinHook.x86.lib">
      <Filter>minhook</Filter>
    </Library>
  </ItemGroup>
  <ItemGroup>
    <Filter Include="minhook">
      <UniqueIdentifier>{76c24232-6881-45e9-b28b-4786cab4e522}</UniqueIdentifier>
    </Filter>
    <Filter Include="game_sa">
      <UniqueIdentifier>{c12b60a9-5fd9-45ce-866f-2f59c7837c31}</UniqueIdentifier>
    </Filter>
  </ItemGroup>
  <ItemGroup>
    <ResourceCompile Include="asi.rc" />
  </ItemGroup>
</Project>